
Microsoft Visual Studio Solution File, Format Version 12.00
# Visual Studio Version 16
VisualStudioVersion = 16.0.31402.337
MinimumVisualStudioVersion = 10.0.40219.1
Project("{8BC9CEB8-8B4A-11D0-8D11-00A0C91BC942}") = "BankingSystemVer02", "BankingSystemVer02\BankingSystemVer02.vcxproj", "{F4F6A405-EF73-4778-B19B-72B7C98A49A5}"
EndProject
Project("{8BC9CEB8-8B4A-11D0-8D11-00A0C91BC942}") = "BankingSystemVer03", "BankingSystemVer03\BankingSystemVer03.vcxproj", "{CE90BE61-9C17-4906-A109-F3DB4FEECB1F}"
EndProject
Project("{8BC9CEB8-8B4A-11D0-8D11-00A0C91BC942}") = "BankingSystemVer01", "BankingSystemVer01\BankingSystem.vcxproj", "{4647FEB1-4CFF-4364-9B2D-3F79E949BB1E}"
EndProject
Project("{8BC9CEB8-8B4A-11D0-8D11-00A0C91BC942}") = "BankingSystemVer05", "BankingSystemVer05\BankingSystemVer05.vcxproj", "{E7D6B148-8404-49A7-B63E-53FDAB289383}"
EndProject
Project("{8BC9CEB8-8B4A-11D0-8D11-00A0C91BC942}") = "BankingSystemVer06", "BankingSystemVer06\BankingSystemVer06.vcxproj", "{2AC85AC7-7154-4016-8F98-F0F4DE3E2CE4}"
EndProject
Project("{8BC9CEB8-8B4A-11D0-8D11-00A0C91BC942}") = "BankingSystemVer07", "BankingSystemVer07\BankingSystemVer07.vcxproj", "{8BAD873F-BA77-4214-87B1-C4CFF7FFBFCA}"
EndProject
Project("{8BC9CEB8-8B4A-11D0-8D11-00A0C91BC942}") = "BankingSystemVer08", "BankingSystemVer08\BankingSystemVer08.vcxproj", "{CD098F43-C41A-4DFD-8F76-4599472920C3}"
EndProject
Project("{8BC9CEB8-8B4A-11D0-8D11-00A0C91BC942}") = "BankingSystemVer09", "BankingSystemVer09\BankingSystemVer09.vcxproj", "{989C1C3F-4D81-4A26-B395-832B05FF812C}"
EndProject
Project("{8BC9CEB8-8B4A-11D0-8D11-00A0C91BC942}") = "BankingSystemVer10", "BankingSystemVer10\BankingSystemVer10.vcxproj", "{A47FCFFC-1764-4EA4-B9C7-C496DFD2D881}"
EndProject
Global
	GlobalSection(SolutionConfigurationPlatforms) = preSolution
		Debug|x64 = Debug|x64
		Debug|x86 = Debug|x86
		Release|x64 = Release|x64
		Release|x86 = Release|x86
	EndGlobalSection
	GlobalSection(ProjectConfigurationPlatforms) = postSolution
		{F4F6A405-EF73-4778-B19B-72B7C98A49A5}.Debug|x64.ActiveCfg = Debug|x64
		{F4F6A405-EF73-4778-B19B-72B7C98A49A5}.Debug|x64.Build.0 = Debug|x64
		{F4F6A405-EF73-4778-B19B-72B7C98A49A5}.Debug|x86.ActiveCfg = Debug|Win32
		{F4F6A405-EF73-4778-B19B-72B7C98A49A5}.Debug|x86.Build.0 = Debug|Win32
		{F4F6A405-EF73-4778-B19B-72B7C98A49A5}.Release|x64.ActiveCfg = Release|x64
		{F4F6A405-EF73-4778-B19B-72B7C98A49A5}.Release|x64.Build.0 = Release|x64
		{F4F6A405-EF73-4778-B19B-72B7C98A49A5}.Release|x86.ActiveCfg = Release|Win32
		{F4F6A405-EF73-4778-B19B-72B7C98A49A5}.Release|x86.Build.0 = Release|Win32
		{CE90BE61-9C17-4906-A109-F3DB4FEECB1F}.Debug|x64.ActiveCfg = Debug|x64
		{CE90BE61-9C17-4906-A109-F3DB4FEECB1F}.Debug|x64.Build.0 = Debug|x64
		{CE90BE61-9C17-4906-A109-F3DB4FEECB1F}.Debug|x86.ActiveCfg = Debug|Win32
		{CE90BE61-9C17-4906-A109-F3DB4FEECB1F}.Debug|x86.Build.0 = Debug|Win32
		{CE90BE61-9C17-4906-A109-F3DB4FEECB1F}.Release|x64.ActiveCfg = Release|x64
		{CE90BE61-9C17-4906-A109-F3DB4FEECB1F}.Release|x64.Build.0 = Release|x64
		{CE90BE61-9C17-4906-A109-F3DB4FEECB1F}.Release|x86.ActiveCfg = Release|Win32
		{CE90BE61-9C17-4906-A109-F3DB4FEECB1F}.Release|x86.Build.0 = Release|Win32
		{4647FEB1-4CFF-4364-9B2D-3F79E949BB1E}.Debug|x64.ActiveCfg = Debug|x64
		{4647FEB1-4CFF-4364-9B2D-3F79E949BB1E}.Debug|x64.Build.0 = Debug|x64
		{4647FEB1-4CFF-4364-9B2D-3F79E949BB1E}.Debug|x86.ActiveCfg = Debug|Win32
		{4647FEB1-4CFF-4364-9B2D-3F79E949BB1E}.Debug|x86.Build.0 = Debug|Win32
		{4647FEB1-4CFF-4364-9B2D-3F79E949BB1E}.Release|x64.ActiveCfg = Release|x64
		{4647FEB1-4CFF-4364-9B2D-3F79E949BB1E}.Release|x64.Build.0 = Release|x64
		{4647FEB1-4CFF-4364-9B2D-3F79E949BB1E}.Release|x86.ActiveCfg = Release|Win32
		{4647FEB1-4CFF-4364-9B2D-3F79E949BB1E}.Release|x86.Build.0 = Release|Win32
		{E7D6B148-8404-49A7-B63E-53FDAB289383}.Debug|x64.ActiveCfg = Debug|x64
		{E7D6B148-8404-49A7-B63E-53FDAB289383}.Debug|x64.Build.0 = Debug|x64
		{E7D6B148-8404-49A7-B63E-53FDAB289383}.Debug|x86.ActiveCfg = Debug|Win32
		{E7D6B148-8404-49A7-B63E-53FDAB289383}.Debug|x86.Build.0 = Debug|Win32
		{E7D6B148-8404-49A7-B63E-53FDAB289383}.Release|x64.ActiveCfg = Release|x64
		{E7D6B148-8404-49A7-B63E-53FDAB289383}.Release|x64.Build.0 = Release|x64
		{E7D6B148-8404-49A7-B63E-53FDAB289383}.Release|x86.ActiveCfg = Release|Win32
		{E7D6B148-8404-49A7-B63E-53FDAB289383}.Release|x86.Build.0 = Release|Win32
		{2AC85AC7-7154-4016-8F98-F0F4DE3E2CE4}.Debug|x64.ActiveCfg = Debug|x64
		{2AC85AC7-7154-4016-8F98-F0F4DE3E2CE4}.Debug|x64.Build.0 = Debug|x64
		{2AC85AC7-7154-4016-8F98-F0F4DE3E2CE4}.Debug|x86.ActiveCfg = Debug|Win32
		{2AC85AC7-7154-4016-8F98-F0F4DE3E2CE4}.Debug|x86.Build.0 = Debug|Win32
		{2AC85AC7-7154-4016-8F98-F0F4DE3E2CE4}.Release|x64.ActiveCfg = Release|x64
		{2AC85AC7-7154-4016-8F98-F0F4DE3E2CE4}.Release|x64.Build.0 = Release|x64
		{2AC85AC7-7154-4016-8F98-F0F4DE3E2CE4}.Release|x86.ActiveCfg = Release|Win32
		{2AC85AC7-7154-4016-8F98-F0F4DE3E2CE4}.Release|x86.Build.0 = Release|Win32
		{8BAD873F-BA77-4214-87B1-C4CFF7FFBFCA}.Debug|x64.ActiveCfg = Debug|x64
		{8BAD873F-BA77-4214-87B1-C4CFF7FFBFCA}.Debug|x64.Build.0 = Debug|x64
		{8BAD873F-BA77-4214-87B1-C4CFF7FFBFCA}.Debug|x86.ActiveCfg = Debug|Win32
		{8BAD873F-BA77-4214-87B1-C4CFF7FFBFCA}.Debug|x86.Build.0 = Debug|Win32
		{8BAD873F-BA77-4214-87B1-C4CFF7FFBFCA}.Release|x64.ActiveCfg = Release|x64
		{8BAD873F-BA77-4214-87B1-C4CFF7FFBFCA}.Release|x64.Build.0 = Release|x64
		{8BAD873F-BA77-4214-87B1-C4CFF7FFBFCA}.Release|x86.ActiveCfg = Release|Win32
		{8BAD873F-BA77-4214-87B1-C4CFF7FFBFCA}.Release|x86.Build.0 = Release|Win32
		{CD098F43-C41A-4DFD-8F76-4599472920C3}.Debug|x64.ActiveCfg = Debug|x64
		{CD098F43-C41A-4DFD-8F76-4599472920C3}.Debug|x64.Build.0 = Debug|x64
		{CD098F43-C41A-4DFD-8F76-4599472920C3}.Debug|x86.ActiveCfg = Debug|Win32
		{CD098F43-C41A-4DFD-8F76-4599472920C3}.Debug|x86.Build.0 = Debug|Win32
		{CD098F43-C41A-4DFD-8F76-4599472920C3}.Release|x64.ActiveCfg = Release|x64
		{CD098F43-C41A-4DFD-8F76-4599472920C3}.Release|x64.Build.0 = Release|x64
		{CD098F43-C41A-4DFD-8F76-4599472920C3}.Release|x86.ActiveCfg = Release|Win32
		{CD098F43-C41A-4DFD-8F76-4599472920C3}.Release|x86.Build.0 = Release|Win32
		{989C1C3F-4D81-4A26-B395-832B05FF812C}.Debug|x64.ActiveCfg = Debug|x64
		{989C1C3F-4D81-4A26-B395-832B05FF812C}.Debug|x64.Build.0 = Debug|x64
		{989C1C3F-4D81-4A26-B395-832B05FF812C}.Debug|x86.ActiveCfg = Debug|Win32
		{989C1C3F-4D81-4A26-B395-832B05FF812C}.Debug|x86.Build.0 = Debug|Win32
		{989C1C3F-4D81-4A26-B395-832B05FF812C}.Release|x64.ActiveCfg = Release|x64
		{989C1C3F-4D81-4A26-B395-832B05FF812C}.Release|x64.Build.0 = Release|x64
		{989C1C3F-4D81-4A26-B395-832B05FF812C}.Release|x86.ActiveCfg = Release|Win32
		{989C1C3F-4D81-4A26-B395-832B05FF812C}.Release|x86.Build.0 = Release|Win32
		{A47FCFFC-1764-4EA4-B9C7-C496DFD2D881}.Debug|x64.ActiveCfg = Debug|x64
		{A47FCFFC-1764-4EA4-B9C7-C496DFD2D881}.Debug|x64.Build.0 = Debug|x64
		{A47FCFFC-1764-4EA4-B9C7-C496DFD2D881}.Debug|x86.ActiveCfg = Debug|Win32
		{A47FCFFC-1764-4EA4-B9C7-C496DFD2D881}.Debug|x86.Build.0 = Debug|Win32
		{A47FCFFC-1764-4EA4-B9C7-C496DFD2D881}.Release|x64.ActiveCfg = Release|x64
		{A47FCFFC-1764-4EA4-B9C7-C496DFD2D881}.Release|x64.Build.0 = Release|x64
		{A47FCFFC-1764-4EA4-B9C7-C496DFD2D881}.Release|x86.ActiveCfg = Release|Win32
		{A47FCFFC-1764-4EA4-B9C7-C496DFD2D881}.Release|x86.Build.0 = Release|Win32
	EndGlobalSection
	GlobalSection(SolutionProperties) = preSolution
		HideSolutionNode = FALSE
	EndGlobalSection
	GlobalSection(ExtensibilityGlobals) = postSolution
		SolutionGuid = {2EEA2BB5-FE52-460A-9AFA-EEBD3807D780}
	EndGlobalSection
EndGlobal
